// !$*UTF8*$!
{
	archiveVersion = 1;
	classes = {
	};
	objectVersion = 56;
	objects = {

/* Begin PBXBuildFile section */
		66CA793E29DB784900AB4980 /* AppDelegate.swift in Sources */ = {isa = PBXBuildFile; fileRef = 66CA793D29DB784900AB4980 /* AppDelegate.swift */; };
		66CA794029DB784900AB4980 /* SceneDelegate.swift in Sources */ = {isa = PBXBuildFile; fileRef = 66CA793F29DB784900AB4980 /* SceneDelegate.swift */; };
		66CA794229DB784900AB4980 /* ViewController.swift in Sources */ = {isa = PBXBuildFile; fileRef = 66CA794129DB784900AB4980 /* ViewController.swift */; };
		66CA794729DB784A00AB4980 /* Assets.xcassets in Resources */ = {isa = PBXBuildFile; fileRef = 66CA794629DB784A00AB4980 /* Assets.xcassets */; };
		66CA794A29DB784A00AB4980 /* LaunchScreen.storyboard in Resources */ = {isa = PBXBuildFile; fileRef = 66CA794829DB784A00AB4980 /* LaunchScreen.storyboard */; };
		66CA796629DB849D00AB4980 /* UICollectionView+Ext.swift in Sources */ = {isa = PBXBuildFile; fileRef = 66CA795629DB849D00AB4980 /* UICollectionView+Ext.swift */; };
		66CA796729DB849D00AB4980 /* UITableView+Ext.swift in Sources */ = {isa = PBXBuildFile; fileRef = 66CA795729DB849D00AB4980 /* UITableView+Ext.swift */; };
		66CA796829DB849D00AB4980 /* UIColor+Ext.swift in Sources */ = {isa = PBXBuildFile; fileRef = 66CA795829DB849D00AB4980 /* UIColor+Ext.swift */; };
		66CA796929DB849D00AB4980 /* NSObject+Ext.swift in Sources */ = {isa = PBXBuildFile; fileRef = 66CA795929DB849D00AB4980 /* NSObject+Ext.swift */; };
		66CA796A29DB849D00AB4980 /* UIView+Ext.swift in Sources */ = {isa = PBXBuildFile; fileRef = 66CA795A29DB849D00AB4980 /* UIView+Ext.swift */; };
		66CA796B29DB849D00AB4980 /* AppDesign.swift in Sources */ = {isa = PBXBuildFile; fileRef = 66CA795C29DB849D00AB4980 /* AppDesign.swift */; };
		66CA796C29DB849D00AB4980 /* AppConstants.swift in Sources */ = {isa = PBXBuildFile; fileRef = 66CA795D29DB849D00AB4980 /* AppConstants.swift */; };
		66CA796D29DB849D00AB4980 /* BaseViewController.swift in Sources */ = {isa = PBXBuildFile; fileRef = 66CA795F29DB849D00AB4980 /* BaseViewController.swift */; };
		66CA796E29DB849D00AB4980 /* BaseCustomView.swift in Sources */ = {isa = PBXBuildFile; fileRef = 66CA796029DB849D00AB4980 /* BaseCustomView.swift */; };
		66CA796F29DB849D00AB4980 /* BaseCollectionViewProvider.swift in Sources */ = {isa = PBXBuildFile; fileRef = 66CA796129DB849D00AB4980 /* BaseCollectionViewProvider.swift */; };
		66CA797029DB849D00AB4980 /* BaseTableViewProvider.swift in Sources */ = {isa = PBXBuildFile; fileRef = 66CA796229DB849D00AB4980 /* BaseTableViewProvider.swift */; };
		66CA797129DB849D00AB4980 /* ObservationType.swift in Sources */ = {isa = PBXBuildFile; fileRef = 66CA796329DB849D00AB4980 /* ObservationType.swift */; };
		66CA797229DB849D00AB4980 /* BaseNavigationController.swift in Sources */ = {isa = PBXBuildFile; fileRef = 66CA796429DB849D00AB4980 /* BaseNavigationController.swift */; };
		66CA797429DB874200AB4980 /* UIImage+Ext.swift in Sources */ = {isa = PBXBuildFile; fileRef = 66CA797329DB874200AB4980 /* UIImage+Ext.swift */; };
		66CA797629DB888800AB4980 /* ImageCache.swift in Sources */ = {isa = PBXBuildFile; fileRef = 66CA797529DB888800AB4980 /* ImageCache.swift */; };
		66CA797929DB8B7700AB4980 /* SPIndicator in Frameworks */ = {isa = PBXBuildFile; productRef = 66CA797829DB8B7700AB4980 /* SPIndicator */; };
		66CA797C29DB8BBF00AB4980 /* LoadingView.swift in Sources */ = {isa = PBXBuildFile; fileRef = 66CA797B29DB8BBF00AB4980 /* LoadingView.swift */; };
		66CA797E29DB8D8800AB4980 /* ImageLoader.swift in Sources */ = {isa = PBXBuildFile; fileRef = 66CA797D29DB8D8800AB4980 /* ImageLoader.swift */; };
		66CA798129DB9A5700AB4980 /* Lottie in Frameworks */ = {isa = PBXBuildFile; productRef = 66CA798029DB9A5700AB4980 /* Lottie */; };
		66CA798329DB9C1500AB4980 /* loading.json in Resources */ = {isa = PBXBuildFile; fileRef = 66CA798229DB9C1500AB4980 /* loading.json */; };
		66CA798629DBA3BE00AB4980 /* MainTabBarVC.swift in Sources */ = {isa = PBXBuildFile; fileRef = 66CA798429DBA3BE00AB4980 /* MainTabBarVC.swift */; };
		66CA798B29DBA4C700AB4980 /* DealVC.swift in Sources */ = {isa = PBXBuildFile; fileRef = 66CA798A29DBA4C700AB4980 /* DealVC.swift */; };
		66CA798D29DBA4EB00AB4980 /* DealVC.xib in Resources */ = {isa = PBXBuildFile; fileRef = 66CA798C29DBA4EB00AB4980 /* DealVC.xib */; };
		66CA799129DBAF4A00AB4980 /* GameVC.xib in Resources */ = {isa = PBXBuildFile; fileRef = 66CA799029DBAF4A00AB4980 /* GameVC.xib */; };
		66CA799329DBAF5200AB4980 /* GameVC.swift in Sources */ = {isa = PBXBuildFile; fileRef = 66CA799229DBAF5200AB4980 /* GameVC.swift */; };
		66CA799629DBAF9E00AB4980 /* StoreVC.swift in Sources */ = {isa = PBXBuildFile; fileRef = 66CA799529DBAF9E00AB4980 /* StoreVC.swift */; };
		66CA799829DBAFA500AB4980 /* StoreVC.xib in Resources */ = {isa = PBXBuildFile; fileRef = 66CA799729DBAFA500AB4980 /* StoreVC.xib */; };
		66CA799B29DBAFF700AB4980 /* SettingVC.swift in Sources */ = {isa = PBXBuildFile; fileRef = 66CA799A29DBAFF700AB4980 /* SettingVC.swift */; };
		66CA799D29DBB01600AB4980 /* SettingVC.xib in Resources */ = {isa = PBXBuildFile; fileRef = 66CA799C29DBB01600AB4980 /* SettingVC.xib */; };
		66CA799F29DBB3A300AB4980 /* MainTabBarContracts.swift in Sources */ = {isa = PBXBuildFile; fileRef = 66CA799E29DBB3A300AB4980 /* MainTabBarContracts.swift */; };
		66CA79A129DBB85200AB4980 /* MainTabBarInteractor.swift in Sources */ = {isa = PBXBuildFile; fileRef = 66CA79A029DBB85200AB4980 /* MainTabBarInteractor.swift */; };
		66CA79A329DBB88100AB4980 /* MainTabBarPresenter.swift in Sources */ = {isa = PBXBuildFile; fileRef = 66CA79A229DBB88100AB4980 /* MainTabBarPresenter.swift */; };
		66CA79A529DBBB0900AB4980 /* MainTabBarRouter.swift in Sources */ = {isa = PBXBuildFile; fileRef = 66CA79A429DBBB0900AB4980 /* MainTabBarRouter.swift */; };
		66CA79A729DBBE3D00AB4980 /* MainTabBarEntity.swift in Sources */ = {isa = PBXBuildFile; fileRef = 66CA79A629DBBE3D00AB4980 /* MainTabBarEntity.swift */; };
		66CA79AE29DBCE8000AB4980 /* BaseTabBarController.swift in Sources */ = {isa = PBXBuildFile; fileRef = 66CA79AD29DBCE8000AB4980 /* BaseTabBarController.swift */; };
		66DACC6D29DC9B4C00D0251D /* NetworkMonitor.swift in Sources */ = {isa = PBXBuildFile; fileRef = 66DACC6C29DC9B4C00D0251D /* NetworkMonitor.swift */; };
		66DACC6F29DC9E9B00D0251D /* Notification+Ext.swift in Sources */ = {isa = PBXBuildFile; fileRef = 66DACC6E29DC9E9B00D0251D /* Notification+Ext.swift */; };
/* End PBXBuildFile section */

/* Begin PBXFileReference section */
		66CA793A29DB784900AB4980 /* GetCheap.app */ = {isa = PBXFileReference; explicitFileType = wrapper.application; includeInIndex = 0; path = GetCheap.app; sourceTree = BUILT_PRODUCTS_DIR; };
		66CA793D29DB784900AB4980 /* AppDelegate.swift */ = {isa = PBXFileReference; lastKnownFileType = sourcecode.swift; path = AppDelegate.swift; sourceTree = "<group>"; };
		66CA793F29DB784900AB4980 /* SceneDelegate.swift */ = {isa = PBXFileReference; lastKnownFileType = sourcecode.swift; path = SceneDelegate.swift; sourceTree = "<group>"; };
		66CA794129DB784900AB4980 /* ViewController.swift */ = {isa = PBXFileReference; lastKnownFileType = sourcecode.swift; path = ViewController.swift; sourceTree = "<group>"; };
		66CA794629DB784A00AB4980 /* Assets.xcassets */ = {isa = PBXFileReference; lastKnownFileType = folder.assetcatalog; path = Assets.xcassets; sourceTree = "<group>"; };
		66CA794929DB784A00AB4980 /* Base */ = {isa = PBXFileReference; lastKnownFileType = file.storyboard; name = Base; path = Base.lproj/LaunchScreen.storyboard; sourceTree = "<group>"; };
		66CA794B29DB784A00AB4980 /* Info.plist */ = {isa = PBXFileReference; lastKnownFileType = text.plist.xml; path = Info.plist; sourceTree = "<group>"; };
		66CA795629DB849D00AB4980 /* UICollectionView+Ext.swift */ = {isa = PBXFileReference; fileEncoding = 4; lastKnownFileType = sourcecode.swift; path = "UICollectionView+Ext.swift"; sourceTree = "<group>"; };
		66CA795729DB849D00AB4980 /* UITableView+Ext.swift */ = {isa = PBXFileReference; fileEncoding = 4; lastKnownFileType = sourcecode.swift; path = "UITableView+Ext.swift"; sourceTree = "<group>"; };
		66CA795829DB849D00AB4980 /* UIColor+Ext.swift */ = {isa = PBXFileReference; fileEncoding = 4; lastKnownFileType = sourcecode.swift; path = "UIColor+Ext.swift"; sourceTree = "<group>"; };
		66CA795929DB849D00AB4980 /* NSObject+Ext.swift */ = {isa = PBXFileReference; fileEncoding = 4; lastKnownFileType = sourcecode.swift; path = "NSObject+Ext.swift"; sourceTree = "<group>"; };
		66CA795A29DB849D00AB4980 /* UIView+Ext.swift */ = {isa = PBXFileReference; fileEncoding = 4; lastKnownFileType = sourcecode.swift; path = "UIView+Ext.swift"; sourceTree = "<group>"; };
		66CA795C29DB849D00AB4980 /* AppDesign.swift */ = {isa = PBXFileReference; fileEncoding = 4; lastKnownFileType = sourcecode.swift; path = AppDesign.swift; sourceTree = "<group>"; };
		66CA795D29DB849D00AB4980 /* AppConstants.swift */ = {isa = PBXFileReference; fileEncoding = 4; lastKnownFileType = sourcecode.swift; path = AppConstants.swift; sourceTree = "<group>"; };
		66CA795F29DB849D00AB4980 /* BaseViewController.swift */ = {isa = PBXFileReference; fileEncoding = 4; lastKnownFileType = sourcecode.swift; path = BaseViewController.swift; sourceTree = "<group>"; };
		66CA796029DB849D00AB4980 /* BaseCustomView.swift */ = {isa = PBXFileReference; fileEncoding = 4; lastKnownFileType = sourcecode.swift; path = BaseCustomView.swift; sourceTree = "<group>"; };
		66CA796129DB849D00AB4980 /* BaseCollectionViewProvider.swift */ = {isa = PBXFileReference; fileEncoding = 4; lastKnownFileType = sourcecode.swift; path = BaseCollectionViewProvider.swift; sourceTree = "<group>"; };
		66CA796229DB849D00AB4980 /* BaseTableViewProvider.swift */ = {isa = PBXFileReference; fileEncoding = 4; lastKnownFileType = sourcecode.swift; path = BaseTableViewProvider.swift; sourceTree = "<group>"; };
		66CA796329DB849D00AB4980 /* ObservationType.swift */ = {isa = PBXFileReference; fileEncoding = 4; lastKnownFileType = sourcecode.swift; path = ObservationType.swift; sourceTree = "<group>"; };
		66CA796429DB849D00AB4980 /* BaseNavigationController.swift */ = {isa = PBXFileReference; fileEncoding = 4; lastKnownFileType = sourcecode.swift; path = BaseNavigationController.swift; sourceTree = "<group>"; };
		66CA797329DB874200AB4980 /* UIImage+Ext.swift */ = {isa = PBXFileReference; lastKnownFileType = sourcecode.swift; path = "UIImage+Ext.swift"; sourceTree = "<group>"; };
		66CA797529DB888800AB4980 /* ImageCache.swift */ = {isa = PBXFileReference; lastKnownFileType = sourcecode.swift; path = ImageCache.swift; sourceTree = "<group>"; };
		66CA797B29DB8BBF00AB4980 /* LoadingView.swift */ = {isa = PBXFileReference; fileEncoding = 4; lastKnownFileType = sourcecode.swift; path = LoadingView.swift; sourceTree = "<group>"; };
		66CA797D29DB8D8800AB4980 /* ImageLoader.swift */ = {isa = PBXFileReference; lastKnownFileType = sourcecode.swift; path = ImageLoader.swift; sourceTree = "<group>"; };
		66CA798229DB9C1500AB4980 /* loading.json */ = {isa = PBXFileReference; fileEncoding = 4; lastKnownFileType = text.json; path = loading.json; sourceTree = "<group>"; };
		66CA798429DBA3BE00AB4980 /* MainTabBarVC.swift */ = {isa = PBXFileReference; lastKnownFileType = sourcecode.swift; path = MainTabBarVC.swift; sourceTree = "<group>"; };
		66CA798A29DBA4C700AB4980 /* DealVC.swift */ = {isa = PBXFileReference; lastKnownFileType = sourcecode.swift; path = DealVC.swift; sourceTree = "<group>"; };
		66CA798C29DBA4EB00AB4980 /* DealVC.xib */ = {isa = PBXFileReference; lastKnownFileType = file.xib; path = DealVC.xib; sourceTree = "<group>"; };
		66CA799029DBAF4A00AB4980 /* GameVC.xib */ = {isa = PBXFileReference; lastKnownFileType = file.xib; path = GameVC.xib; sourceTree = "<group>"; };
		66CA799229DBAF5200AB4980 /* GameVC.swift */ = {isa = PBXFileReference; lastKnownFileType = sourcecode.swift; path = GameVC.swift; sourceTree = "<group>"; };
		66CA799529DBAF9E00AB4980 /* StoreVC.swift */ = {isa = PBXFileReference; lastKnownFileType = sourcecode.swift; path = StoreVC.swift; sourceTree = "<group>"; };
		66CA799729DBAFA500AB4980 /* StoreVC.xib */ = {isa = PBXFileReference; lastKnownFileType = file.xib; path = StoreVC.xib; sourceTree = "<group>"; };
		66CA799A29DBAFF700AB4980 /* SettingVC.swift */ = {isa = PBXFileReference; lastKnownFileType = sourcecode.swift; path = SettingVC.swift; sourceTree = "<group>"; };
		66CA799C29DBB01600AB4980 /* SettingVC.xib */ = {isa = PBXFileReference; lastKnownFileType = file.xib; path = SettingVC.xib; sourceTree = "<group>"; };
		66CA799E29DBB3A300AB4980 /* MainTabBarContracts.swift */ = {isa = PBXFileReference; lastKnownFileType = sourcecode.swift; path = MainTabBarContracts.swift; sourceTree = "<group>"; };
		66CA79A029DBB85200AB4980 /* MainTabBarInteractor.swift */ = {isa = PBXFileReference; lastKnownFileType = sourcecode.swift; path = MainTabBarInteractor.swift; sourceTree = "<group>"; };
		66CA79A229DBB88100AB4980 /* MainTabBarPresenter.swift */ = {isa = PBXFileReference; lastKnownFileType = sourcecode.swift; path = MainTabBarPresenter.swift; sourceTree = "<group>"; };
		66CA79A429DBBB0900AB4980 /* MainTabBarRouter.swift */ = {isa = PBXFileReference; lastKnownFileType = sourcecode.swift; path = MainTabBarRouter.swift; sourceTree = "<group>"; };
		66CA79A629DBBE3D00AB4980 /* MainTabBarEntity.swift */ = {isa = PBXFileReference; lastKnownFileType = sourcecode.swift; path = MainTabBarEntity.swift; sourceTree = "<group>"; };
		66CA79AD29DBCE8000AB4980 /* BaseTabBarController.swift */ = {isa = PBXFileReference; lastKnownFileType = sourcecode.swift; path = BaseTabBarController.swift; sourceTree = "<group>"; };
		66DACC6C29DC9B4C00D0251D /* NetworkMonitor.swift */ = {isa = PBXFileReference; lastKnownFileType = sourcecode.swift; path = NetworkMonitor.swift; sourceTree = "<group>"; };
		66DACC6E29DC9E9B00D0251D /* Notification+Ext.swift */ = {isa = PBXFileReference; lastKnownFileType = sourcecode.swift; path = "Notification+Ext.swift"; sourceTree = "<group>"; };
/* End PBXFileReference section */

/* Begin PBXFrameworksBuildPhase section */
		66CA793729DB784900AB4980 /* Frameworks */ = {
			isa = PBXFrameworksBuildPhase;
			buildActionMask = 2147483647;
			files = (
				66CA797929DB8B7700AB4980 /* SPIndicator in Frameworks */,
				66CA798129DB9A5700AB4980 /* Lottie in Frameworks */,
			);
			runOnlyForDeploymentPostprocessing = 0;
		};
/* End PBXFrameworksBuildPhase section */

/* Begin PBXGroup section */
		66CA793129DB784900AB4980 = {
			isa = PBXGroup;
			children = (
				66CA793C29DB784900AB4980 /* GetCheap */,
				66CA793B29DB784900AB4980 /* Products */,
			);
			sourceTree = "<group>";
		};
		66CA793B29DB784900AB4980 /* Products */ = {
			isa = PBXGroup;
			children = (
				66CA793A29DB784900AB4980 /* GetCheap.app */,
			);
			name = Products;
			sourceTree = "<group>";
		};
		66CA793C29DB784900AB4980 /* GetCheap */ = {
			isa = PBXGroup;
			children = (
				66CA795129DB7FB600AB4980 /* AppDelegate */,
				66CA794129DB784900AB4980 /* ViewController.swift */,
				66CA798829DBA4B000AB4980 /* Scenes */,
				66CA797A29DB8BAC00AB4980 /* Views */,
				66CA795329DB849D00AB4980 /* Utilities */,
				66CA795229DB7FD700AB4980 /* SupportFiles */,
			);
			path = GetCheap;
			sourceTree = "<group>";
		};
		66CA795129DB7FB600AB4980 /* AppDelegate */ = {
			isa = PBXGroup;
			children = (
				66CA793D29DB784900AB4980 /* AppDelegate.swift */,
				66CA793F29DB784900AB4980 /* SceneDelegate.swift */,
			);
			path = AppDelegate;
			sourceTree = "<group>";
		};
		66CA795229DB7FD700AB4980 /* SupportFiles */ = {
			isa = PBXGroup;
			children = (
				66CA798229DB9C1500AB4980 /* loading.json */,
				66CA794629DB784A00AB4980 /* Assets.xcassets */,
				66CA794829DB784A00AB4980 /* LaunchScreen.storyboard */,
				66CA794B29DB784A00AB4980 /* Info.plist */,
			);
			path = SupportFiles;
			sourceTree = "<group>";
		};
		66CA795329DB849D00AB4980 /* Utilities */ = {
			isa = PBXGroup;
			children = (
				66CA79A829DBC23200AB4980 /* Managers */,
				66CA795429DB849D00AB4980 /* Extensions */,
				66CA795B29DB849D00AB4980 /* Helpers */,
				66CA795E29DB849D00AB4980 /* Base */,
			);
			path = Utilities;
			sourceTree = "<group>";
		};
		66CA795429DB849D00AB4980 /* Extensions */ = {
			isa = PBXGroup;
			children = (
				66CA797329DB874200AB4980 /* UIImage+Ext.swift */,
				66CA795629DB849D00AB4980 /* UICollectionView+Ext.swift */,
				66CA795729DB849D00AB4980 /* UITableView+Ext.swift */,
				66CA795829DB849D00AB4980 /* UIColor+Ext.swift */,
				66CA795929DB849D00AB4980 /* NSObject+Ext.swift */,
				66CA795A29DB849D00AB4980 /* UIView+Ext.swift */,
				66DACC6E29DC9E9B00D0251D /* Notification+Ext.swift */,
			);
			path = Extensions;
			sourceTree = "<group>";
		};
		66CA795B29DB849D00AB4980 /* Helpers */ = {
			isa = PBXGroup;
			children = (
				66CA795C29DB849D00AB4980 /* AppDesign.swift */,
				66CA795D29DB849D00AB4980 /* AppConstants.swift */,
				66CA797529DB888800AB4980 /* ImageCache.swift */,
				66CA797D29DB8D8800AB4980 /* ImageLoader.swift */,
			);
			path = Helpers;
			sourceTree = "<group>";
		};
		66CA795E29DB849D00AB4980 /* Base */ = {
			isa = PBXGroup;
			children = (
				66CA79AD29DBCE8000AB4980 /* BaseTabBarController.swift */,
				66CA795F29DB849D00AB4980 /* BaseViewController.swift */,
				66CA796429DB849D00AB4980 /* BaseNavigationController.swift */,
				66CA796029DB849D00AB4980 /* BaseCustomView.swift */,
				66CA796129DB849D00AB4980 /* BaseCollectionViewProvider.swift */,
				66CA796229DB849D00AB4980 /* BaseTableViewProvider.swift */,
				66CA796329DB849D00AB4980 /* ObservationType.swift */,
			);
			path = Base;
			sourceTree = "<group>";
		};
		66CA797A29DB8BAC00AB4980 /* Views */ = {
			isa = PBXGroup;
			children = (
				66CA797B29DB8BBF00AB4980 /* LoadingView.swift */,
			);
			path = Views;
			sourceTree = "<group>";
		};
		66CA798829DBA4B000AB4980 /* Scenes */ = {
			isa = PBXGroup;
			children = (
				66CA798E29DBA4FE00AB4980 /* TabBar */,
				66CA798929DBA4BA00AB4980 /* Deal */,
				66CA798F29DBA69900AB4980 /* Game */,
				66CA799429DBAF7F00AB4980 /* Store */,
				66CA799929DBAFDE00AB4980 /* Setting */,
			);
			path = Scenes;
			sourceTree = "<group>";
		};
		66CA798929DBA4BA00AB4980 /* Deal */ = {
			isa = PBXGroup;
			children = (
				66CA798A29DBA4C700AB4980 /* DealVC.swift */,
				66CA798C29DBA4EB00AB4980 /* DealVC.xib */,
			);
			path = Deal;
			sourceTree = "<group>";
		};
		66CA798E29DBA4FE00AB4980 /* TabBar */ = {
			isa = PBXGroup;
			children = (
				66CA799E29DBB3A300AB4980 /* MainTabBarContracts.swift */,
				66CA798429DBA3BE00AB4980 /* MainTabBarVC.swift */,
				66CA79A029DBB85200AB4980 /* MainTabBarInteractor.swift */,
				66CA79A229DBB88100AB4980 /* MainTabBarPresenter.swift */,
				66CA79A629DBBE3D00AB4980 /* MainTabBarEntity.swift */,
				66CA79A429DBBB0900AB4980 /* MainTabBarRouter.swift */,
			);
			path = TabBar;
			sourceTree = "<group>";
		};
		66CA798F29DBA69900AB4980 /* Game */ = {
			isa = PBXGroup;
			children = (
				66CA799229DBAF5200AB4980 /* GameVC.swift */,
				66CA799029DBAF4A00AB4980 /* GameVC.xib */,
			);
			path = Game;
			sourceTree = "<group>";
		};
		66CA799429DBAF7F00AB4980 /* Store */ = {
			isa = PBXGroup;
			children = (
				66CA799529DBAF9E00AB4980 /* StoreVC.swift */,
				66CA799729DBAFA500AB4980 /* StoreVC.xib */,
			);
			path = Store;
			sourceTree = "<group>";
		};
		66CA799929DBAFDE00AB4980 /* Setting */ = {
			isa = PBXGroup;
			children = (
				66CA799A29DBAFF700AB4980 /* SettingVC.swift */,
				66CA799C29DBB01600AB4980 /* SettingVC.xib */,
			);
			path = Setting;
			sourceTree = "<group>";
		};
		66CA79A829DBC23200AB4980 /* Managers */ = {
			isa = PBXGroup;
			children = (
				66DACC6C29DC9B4C00D0251D /* NetworkMonitor.swift */,
			);
			path = Managers;
			sourceTree = "<group>";
		};
/* End PBXGroup section */

/* Begin PBXNativeTarget section */
		66CA793929DB784900AB4980 /* GetCheap */ = {
			isa = PBXNativeTarget;
			buildConfigurationList = 66CA794E29DB784A00AB4980 /* Build configuration list for PBXNativeTarget "GetCheap" */;
			buildPhases = (
				66CA793629DB784900AB4980 /* Sources */,
				66CA793729DB784900AB4980 /* Frameworks */,
				66CA793829DB784900AB4980 /* Resources */,
			);
			buildRules = (
			);
			dependencies = (
			);
			name = GetCheap;
			packageProductDependencies = (
				66CA797829DB8B7700AB4980 /* SPIndicator */,
				66CA798029DB9A5700AB4980 /* Lottie */,
			);
			productName = GetCheap;
			productReference = 66CA793A29DB784900AB4980 /* GetCheap.app */;
			productType = "com.apple.product-type.application";
		};
/* End PBXNativeTarget section */

/* Begin PBXProject section */
		66CA793229DB784900AB4980 /* Project object */ = {
			isa = PBXProject;
			attributes = {
				BuildIndependentTargetsInParallel = 1;
				LastSwiftUpdateCheck = 1430;
				LastUpgradeCheck = 1430;
				TargetAttributes = {
					66CA793929DB784900AB4980 = {
						CreatedOnToolsVersion = 14.3;
					};
				};
			};
			buildConfigurationList = 66CA793529DB784900AB4980 /* Build configuration list for PBXProject "GetCheap" */;
			compatibilityVersion = "Xcode 14.0";
			developmentRegion = en;
			hasScannedForEncodings = 0;
			knownRegions = (
				en,
				Base,
			);
			mainGroup = 66CA793129DB784900AB4980;
			packageReferences = (
				66CA797729DB8B7700AB4980 /* XCRemoteSwiftPackageReference "SPIndicator" */,
				66CA797F29DB9A5700AB4980 /* XCRemoteSwiftPackageReference "lottie-spm" */,
			);
			productRefGroup = 66CA793B29DB784900AB4980 /* Products */;
			projectDirPath = "";
			projectRoot = "";
			targets = (
				66CA793929DB784900AB4980 /* GetCheap */,
			);
		};
/* End PBXProject section */

/* Begin PBXResourcesBuildPhase section */
		66CA793829DB784900AB4980 /* Resources */ = {
			isa = PBXResourcesBuildPhase;
			buildActionMask = 2147483647;
			files = (
				66CA799829DBAFA500AB4980 /* StoreVC.xib in Resources */,
				66CA794A29DB784A00AB4980 /* LaunchScreen.storyboard in Resources */,
				66CA799129DBAF4A00AB4980 /* GameVC.xib in Resources */,
				66CA798D29DBA4EB00AB4980 /* DealVC.xib in Resources */,
				66CA794729DB784A00AB4980 /* Assets.xcassets in Resources */,
				66CA799D29DBB01600AB4980 /* SettingVC.xib in Resources */,
				66CA798329DB9C1500AB4980 /* loading.json in Resources */,
			);
			runOnlyForDeploymentPostprocessing = 0;
		};
/* End PBXResourcesBuildPhase section */

/* Begin PBXSourcesBuildPhase section */
		66CA793629DB784900AB4980 /* Sources */ = {
			isa = PBXSourcesBuildPhase;
			buildActionMask = 2147483647;
			files = (
				66CA79AE29DBCE8000AB4980 /* BaseTabBarController.swift in Sources */,
				66CA796829DB849D00AB4980 /* UIColor+Ext.swift in Sources */,
				66CA796B29DB849D00AB4980 /* AppDesign.swift in Sources */,
				66CA797E29DB8D8800AB4980 /* ImageLoader.swift in Sources */,
				66DACC6F29DC9E9B00D0251D /* Notification+Ext.swift in Sources */,
				66CA797029DB849D00AB4980 /* BaseTableViewProvider.swift in Sources */,
				66CA798629DBA3BE00AB4980 /* MainTabBarVC.swift in Sources */,
				66CA796929DB849D00AB4980 /* NSObject+Ext.swift in Sources */,
				66CA799629DBAF9E00AB4980 /* StoreVC.swift in Sources */,
				66CA796C29DB849D00AB4980 /* AppConstants.swift in Sources */,
				66CA79A129DBB85200AB4980 /* MainTabBarInteractor.swift in Sources */,
				66CA796D29DB849D00AB4980 /* BaseViewController.swift in Sources */,
				66CA799329DBAF5200AB4980 /* GameVC.swift in Sources */,
				66CA794229DB784900AB4980 /* ViewController.swift in Sources */,
				66CA793E29DB784900AB4980 /* AppDelegate.swift in Sources */,
				66CA797629DB888800AB4980 /* ImageCache.swift in Sources */,
				66CA796F29DB849D00AB4980 /* BaseCollectionViewProvider.swift in Sources */,
				66CA79A729DBBE3D00AB4980 /* MainTabBarEntity.swift in Sources */,
				66CA796A29DB849D00AB4980 /* UIView+Ext.swift in Sources */,
				66CA796729DB849D00AB4980 /* UITableView+Ext.swift in Sources */,
				66CA794029DB784900AB4980 /* SceneDelegate.swift in Sources */,
				66CA799B29DBAFF700AB4980 /* SettingVC.swift in Sources */,
				66CA799F29DBB3A300AB4980 /* MainTabBarContracts.swift in Sources */,
				66DACC6D29DC9B4C00D0251D /* NetworkMonitor.swift in Sources */,
				66CA796629DB849D00AB4980 /* UICollectionView+Ext.swift in Sources */,
				66CA797229DB849D00AB4980 /* BaseNavigationController.swift in Sources */,
				66CA797429DB874200AB4980 /* UIImage+Ext.swift in Sources */,
				66CA797129DB849D00AB4980 /* ObservationType.swift in Sources */,
				66CA79A529DBBB0900AB4980 /* MainTabBarRouter.swift in Sources */,
				66CA797C29DB8BBF00AB4980 /* LoadingView.swift in Sources */,
				66CA79A329DBB88100AB4980 /* MainTabBarPresenter.swift in Sources */,
				66CA798B29DBA4C700AB4980 /* DealVC.swift in Sources */,
				66CA796E29DB849D00AB4980 /* BaseCustomView.swift in Sources */,
			);
			runOnlyForDeploymentPostprocessing = 0;
		};
/* End PBXSourcesBuildPhase section */

/* Begin PBXVariantGroup section */
		66CA794829DB784A00AB4980 /* LaunchScreen.storyboard */ = {
			isa = PBXVariantGroup;
			children = (
				66CA794929DB784A00AB4980 /* Base */,
			);
			name = LaunchScreen.storyboard;
			sourceTree = "<group>";
		};
/* End PBXVariantGroup section */

/* Begin XCBuildConfiguration section */
		66CA794C29DB784A00AB4980 /* Debug */ = {
			isa = XCBuildConfiguration;
			buildSettings = {
				ALWAYS_SEARCH_USER_PATHS = NO;
				CLANG_ANALYZER_NONNULL = YES;
				CLANG_ANALYZER_NUMBER_OBJECT_CONVERSION = YES_AGGRESSIVE;
				CLANG_CXX_LANGUAGE_STANDARD = "gnu++20";
				CLANG_ENABLE_MODULES = YES;
				CLANG_ENABLE_OBJC_ARC = YES;
				CLANG_ENABLE_OBJC_WEAK = YES;
				CLANG_WARN_BLOCK_CAPTURE_AUTORELEASING = YES;
				CLANG_WARN_BOOL_CONVERSION = YES;
				CLANG_WARN_COMMA = YES;
				CLANG_WARN_CONSTANT_CONVERSION = YES;
				CLANG_WARN_DEPRECATED_OBJC_IMPLEMENTATIONS = YES;
				CLANG_WARN_DIRECT_OBJC_ISA_USAGE = YES_ERROR;
				CLANG_WARN_DOCUMENTATION_COMMENTS = YES;
				CLANG_WARN_EMPTY_BODY = YES;
				CLANG_WARN_ENUM_CONVERSION = YES;
				CLANG_WARN_INFINITE_RECURSION = YES;
				CLANG_WARN_INT_CONVERSION = YES;
				CLANG_WARN_NON_LITERAL_NULL_CONVERSION = YES;
				CLANG_WARN_OBJC_IMPLICIT_RETAIN_SELF = YES;
				CLANG_WARN_OBJC_LITERAL_CONVERSION = YES;
				CLANG_WARN_OBJC_ROOT_CLASS = YES_ERROR;
				CLANG_WARN_QUOTED_INCLUDE_IN_FRAMEWORK_HEADER = YES;
				CLANG_WARN_RANGE_LOOP_ANALYSIS = YES;
				CLANG_WARN_STRICT_PROTOTYPES = YES;
				CLANG_WARN_SUSPICIOUS_MOVE = YES;
				CLANG_WARN_UNGUARDED_AVAILABILITY = YES_AGGRESSIVE;
				CLANG_WARN_UNREACHABLE_CODE = YES;
				CLANG_WARN__DUPLICATE_METHOD_MATCH = YES;
				COPY_PHASE_STRIP = NO;
				DEBUG_INFORMATION_FORMAT = dwarf;
				ENABLE_STRICT_OBJC_MSGSEND = YES;
				ENABLE_TESTABILITY = YES;
				GCC_C_LANGUAGE_STANDARD = gnu11;
				GCC_DYNAMIC_NO_PIC = NO;
				GCC_NO_COMMON_BLOCKS = YES;
				GCC_OPTIMIZATION_LEVEL = 0;
				GCC_PREPROCESSOR_DEFINITIONS = (
					"DEBUG=1",
					"$(inherited)",
				);
				GCC_WARN_64_TO_32_BIT_CONVERSION = YES;
				GCC_WARN_ABOUT_RETURN_TYPE = YES_ERROR;
				GCC_WARN_UNDECLARED_SELECTOR = YES;
				GCC_WARN_UNINITIALIZED_AUTOS = YES_AGGRESSIVE;
				GCC_WARN_UNUSED_FUNCTION = YES;
				GCC_WARN_UNUSED_VARIABLE = YES;
				IPHONEOS_DEPLOYMENT_TARGET = 16.4;
				MTL_ENABLE_DEBUG_INFO = INCLUDE_SOURCE;
				MTL_FAST_MATH = YES;
				ONLY_ACTIVE_ARCH = YES;
				SDKROOT = iphoneos;
				SWIFT_ACTIVE_COMPILATION_CONDITIONS = DEBUG;
				SWIFT_OPTIMIZATION_LEVEL = "-Onone";
			};
			name = Debug;
		};
		66CA794D29DB784A00AB4980 /* Release */ = {
			isa = XCBuildConfiguration;
			buildSettings = {
				ALWAYS_SEARCH_USER_PATHS = NO;
				CLANG_ANALYZER_NONNULL = YES;
				CLANG_ANALYZER_NUMBER_OBJECT_CONVERSION = YES_AGGRESSIVE;
				CLANG_CXX_LANGUAGE_STANDARD = "gnu++20";
				CLANG_ENABLE_MODULES = YES;
				CLANG_ENABLE_OBJC_ARC = YES;
				CLANG_ENABLE_OBJC_WEAK = YES;
				CLANG_WARN_BLOCK_CAPTURE_AUTORELEASING = YES;
				CLANG_WARN_BOOL_CONVERSION = YES;
				CLANG_WARN_COMMA = YES;
				CLANG_WARN_CONSTANT_CONVERSION = YES;
				CLANG_WARN_DEPRECATED_OBJC_IMPLEMENTATIONS = YES;
				CLANG_WARN_DIRECT_OBJC_ISA_USAGE = YES_ERROR;
				CLANG_WARN_DOCUMENTATION_COMMENTS = YES;
				CLANG_WARN_EMPTY_BODY = YES;
				CLANG_WARN_ENUM_CONVERSION = YES;
				CLANG_WARN_INFINITE_RECURSION = YES;
				CLANG_WARN_INT_CONVERSION = YES;
				CLANG_WARN_NON_LITERAL_NULL_CONVERSION = YES;
				CLANG_WARN_OBJC_IMPLICIT_RETAIN_SELF = YES;
				CLANG_WARN_OBJC_LITERAL_CONVERSION = YES;
				CLANG_WARN_OBJC_ROOT_CLASS = YES_ERROR;
				CLANG_WARN_QUOTED_INCLUDE_IN_FRAMEWORK_HEADER = YES;
				CLANG_WARN_RANGE_LOOP_ANALYSIS = YES;
				CLANG_WARN_STRICT_PROTOTYPES = YES;
				CLANG_WARN_SUSPICIOUS_MOVE = YES;
				CLANG_WARN_UNGUARDED_AVAILABILITY = YES_AGGRESSIVE;
				CLANG_WARN_UNREACHABLE_CODE = YES;
				CLANG_WARN__DUPLICATE_METHOD_MATCH = YES;
				COPY_PHASE_STRIP = NO;
				DEBUG_INFORMATION_FORMAT = "dwarf-with-dsym";
				ENABLE_NS_ASSERTIONS = NO;
				ENABLE_STRICT_OBJC_MSGSEND = YES;
				GCC_C_LANGUAGE_STANDARD = gnu11;
				GCC_NO_COMMON_BLOCKS = YES;
				GCC_WARN_64_TO_32_BIT_CONVERSION = YES;
				GCC_WARN_ABOUT_RETURN_TYPE = YES_ERROR;
				GCC_WARN_UNDECLARED_SELECTOR = YES;
				GCC_WARN_UNINITIALIZED_AUTOS = YES_AGGRESSIVE;
				GCC_WARN_UNUSED_FUNCTION = YES;
				GCC_WARN_UNUSED_VARIABLE = YES;
				IPHONEOS_DEPLOYMENT_TARGET = 16.4;
				MTL_ENABLE_DEBUG_INFO = NO;
				MTL_FAST_MATH = YES;
				SDKROOT = iphoneos;
				SWIFT_COMPILATION_MODE = wholemodule;
				SWIFT_OPTIMIZATION_LEVEL = "-O";
				VALIDATE_PRODUCT = YES;
			};
			name = Release;
		};
		66CA794F29DB784A00AB4980 /* Debug */ = {
			isa = XCBuildConfiguration;
			buildSettings = {
				ASSETCATALOG_COMPILER_APPICON_NAME = AppIcon;
				ASSETCATALOG_COMPILER_GLOBAL_ACCENT_COLOR_NAME = AccentColor;
				CODE_SIGN_STYLE = Automatic;
				CURRENT_PROJECT_VERSION = 1;
				DEVELOPMENT_TEAM = TN6PW5B825;
				GENERATE_INFOPLIST_FILE = YES;
				INFOPLIST_FILE = GetCheap/SupportFiles/Info.plist;
				INFOPLIST_KEY_UIApplicationSupportsIndirectInputEvents = YES;
				INFOPLIST_KEY_UILaunchStoryboardName = LaunchScreen;
				INFOPLIST_KEY_UIMainStoryboardFile = "";
				INFOPLIST_KEY_UISupportedInterfaceOrientations_iPad = "UIInterfaceOrientationPortrait UIInterfaceOrientationPortraitUpsideDown UIInterfaceOrientationLandscapeLeft UIInterfaceOrientationLandscapeRight";
				INFOPLIST_KEY_UISupportedInterfaceOrientations_iPhone = "UIInterfaceOrientationPortrait UIInterfaceOrientationLandscapeLeft UIInterfaceOrientationLandscapeRight";
				LD_RUNPATH_SEARCH_PATHS = (
					"$(inherited)",
					"@executable_path/Frameworks",
				);
				MARKETING_VERSION = 1.0;
				PRODUCT_BUNDLE_IDENTIFIER = com.oktaytanrikulu.GetCheap;
				PRODUCT_NAME = "$(TARGET_NAME)";
				SUPPORTED_PLATFORMS = "iphoneos iphonesimulator";
				SUPPORTS_MACCATALYST = NO;
				SUPPORTS_MAC_DESIGNED_FOR_IPHONE_IPAD = NO;
				SWIFT_EMIT_LOC_STRINGS = YES;
				SWIFT_VERSION = 5.0;
				TARGETED_DEVICE_FAMILY = "1,2";
			};
			name = Debug;
		};
		66CA795029DB784A00AB4980 /* Release */ = {
			isa = XCBuildConfiguration;
			buildSettings = {
				ASSETCATALOG_COMPILER_APPICON_NAME = AppIcon;
				ASSETCATALOG_COMPILER_GLOBAL_ACCENT_COLOR_NAME = AccentColor;
				CODE_SIGN_STYLE = Automatic;
				CURRENT_PROJECT_VERSION = 1;
				DEVELOPMENT_TEAM = TN6PW5B825;
				GENERATE_INFOPLIST_FILE = YES;
				INFOPLIST_FILE = GetCheap/SupportFiles/Info.plist;
				INFOPLIST_KEY_UIApplicationSupportsIndirectInputEvents = YES;
				INFOPLIST_KEY_UILaunchStoryboardName = LaunchScreen;
				INFOPLIST_KEY_UIMainStoryboardFile = "";
				INFOPLIST_KEY_UISupportedInterfaceOrientations_iPad = "UIInterfaceOrientationPortrait UIInterfaceOrientationPortraitUpsideDown UIInterfaceOrientationLandscapeLeft UIInterfaceOrientationLandscapeRight";
				INFOPLIST_KEY_UISupportedInterfaceOrientations_iPhone = "UIInterfaceOrientationPortrait UIInterfaceOrientationLandscapeLeft UIInterfaceOrientationLandscapeRight";
				LD_RUNPATH_SEARCH_PATHS = (
					"$(inherited)",
					"@executable_path/Frameworks",
				);
				MARKETING_VERSION = 1.0;
				PRODUCT_BUNDLE_IDENTIFIER = com.oktaytanrikulu.GetCheap;
				PRODUCT_NAME = "$(TARGET_NAME)";
				SUPPORTED_PLATFORMS = "iphoneos iphonesimulator";
				SUPPORTS_MACCATALYST = NO;
				SUPPORTS_MAC_DESIGNED_FOR_IPHONE_IPAD = NO;
				SWIFT_EMIT_LOC_STRINGS = YES;
				SWIFT_VERSION = 5.0;
				TARGETED_DEVICE_FAMILY = "1,2";
			};
			name = Release;
		};
/* End XCBuildConfiguration section */

/* Begin XCConfigurationList section */
		66CA793529DB784900AB4980 /* Build configuration list for PBXProject "GetCheap" */ = {
			isa = XCConfigurationList;
			buildConfigurations = (
				66CA794C29DB784A00AB4980 /* Debug */,
				66CA794D29DB784A00AB4980 /* Release */,
			);
			defaultConfigurationIsVisible = 0;
			defaultConfigurationName = Release;
		};
		66CA794E29DB784A00AB4980 /* Build configuration list for PBXNativeTarget "GetCheap" */ = {
			isa = XCConfigurationList;
			buildConfigurations = (
				66CA794F29DB784A00AB4980 /* Debug */,
				66CA795029DB784A00AB4980 /* Release */,
			);
			defaultConfigurationIsVisible = 0;
			defaultConfigurationName = Release;
		};
/* End XCConfigurationList section */

/* Begin XCRemoteSwiftPackageReference section */
		66CA797729DB8B7700AB4980 /* XCRemoteSwiftPackageReference "SPIndicator" */ = {
			isa = XCRemoteSwiftPackageReference;
			repositoryURL = "https://github.com/ivanvorobei/SPIndicator.git";
			requirement = {
				kind = upToNextMajorVersion;
				minimumVersion = 1.0.0;
			};
		};
		66CA797F29DB9A5700AB4980 /* XCRemoteSwiftPackageReference "lottie-spm" */ = {
			isa = XCRemoteSwiftPackageReference;
			repositoryURL = "https://github.com/airbnb/lottie-spm.git";
			requirement = {
				kind = upToNextMajorVersion;
				minimumVersion = 4.0.0;
			};
		};
/* End XCRemoteSwiftPackageReference section */

/* Begin XCSwiftPackageProductDependency section */
		66CA797829DB8B7700AB4980 /* SPIndicator */ = {
			isa = XCSwiftPackageProductDependency;
			package = 66CA797729DB8B7700AB4980 /* XCRemoteSwiftPackageReference "SPIndicator" */;
			productName = SPIndicator;
		};
		66CA798029DB9A5700AB4980 /* Lottie */ = {
			isa = XCSwiftPackageProductDependency;
			package = 66CA797F29DB9A5700AB4980 /* XCRemoteSwiftPackageReference "lottie-spm" */;
			productName = Lottie;
		};
/* End XCSwiftPackageProductDependency section */
	};
	rootObject = 66CA793229DB784900AB4980 /* Project object */;
}
